
Microsoft Visual Studio Solution File, Format Version 12.00
# Visual Studio Version 16
VisualStudioVersion = 16.0.30104.148
MinimumVisualStudioVersion = 10.0.40219.1
Project("{FAE04EC0-301F-11D3-BF4B-00C04F79EFBC}") = "SRPandOCP", "SRPandOCP\SRPandOCP.csproj", "{1CEDDDE0-1F8D-4C20-8425-2D1AA3F471BE}"
EndProject
Project("{FAE04EC0-301F-11D3-BF4B-00C04F79EFBC}") = "SRPandOCPLibrary", "SRPandOCPLibrary\SRPandOCPLibrary.csproj", "{C39B0F30-4D2A-4744-B222-E3E080F2798F}"
EndProject
Project("{FAE04EC0-301F-11D3-BF4B-00C04F79EFBC}") = "LSP", "LSP\LSP.csproj", "{EECE0F03-8B58-4673-9E9D-A1D6C0581B80}"
EndProject
Project("{FAE04EC0-301F-11D3-BF4B-00C04F79EFBC}") = "LSPLibrary", "LSPLibrary\LSPLibrary.csproj", "{AFF59404-B1A3-43B9-9D5C-0C6D2012FCE3}"
EndProject
Project("{FAE04EC0-301F-11D3-BF4B-00C04F79EFBC}") = "ISP", "ISP\ISP.csproj", "{39F2DDC3-53ED-424C-80CF-1FF1B116C233}"
EndProject
Project("{FAE04EC0-301F-11D3-BF4B-00C04F79EFBC}") = "ISPLibrary", "ISPLibrary\ISPLibrary.csproj", "{A407E376-051B-4F25-8C7D-A0C5D13E77FC}"
EndProject
Project("{FAE04EC0-301F-11D3-BF4B-00C04F79EFBC}") = "DI", "DI\DI.csproj", "{F882038D-360F-4076-82F5-A3DCB32B90F0}"
EndProject
Project("{FAE04EC0-301F-11D3-BF4B-00C04F79EFBC}") = "DILibrary", "DILibrary\DILibrary.csproj", "{46B09675-CC69-4CC2-BD42-BDCC9F55305A}"
EndProject
Project("{FAE04EC0-301F-11D3-BF4B-00C04F79EFBC}") = "DelegateLibrary", "DelegateLibrary\DelegateLibrary.csproj", "{71260858-74C8-4E67-9058-228D64776AE1}"
EndProject
Project("{FAE04EC0-301F-11D3-BF4B-00C04F79EFBC}") = "DelegateConsole", "DelegateConsole\DelegateConsole.csproj", "{00523C50-CA38-4938-9819-F856B5D99F4C}"
EndProject
Project("{FAE04EC0-301F-11D3-BF4B-00C04F79EFBC}") = "DelegateWinForm", "DelegateWinForm\DelegateWinForm.csproj", "{EAE9831A-7DD3-462A-86FC-9A1D9103094C}"
EndProject
Global
	GlobalSection(SolutionConfigurationPlatforms) = preSolution
		Debug|Any CPU = Debug|Any CPU
		Release|Any CPU = Release|Any CPU
	EndGlobalSection
	GlobalSection(ProjectConfigurationPlatforms) = postSolution
		{1CEDDDE0-1F8D-4C20-8425-2D1AA3F471BE}.Debug|Any CPU.ActiveCfg = Debug|Any CPU
		{1CEDDDE0-1F8D-4C20-8425-2D1AA3F471BE}.Debug|Any CPU.Build.0 = Debug|Any CPU
		{1CEDDDE0-1F8D-4C20-8425-2D1AA3F471BE}.Release|Any CPU.ActiveCfg = Release|Any CPU
		{1CEDDDE0-1F8D-4C20-8425-2D1AA3F471BE}.Release|Any CPU.Build.0 = Release|Any CPU
		{C39B0F30-4D2A-4744-B222-E3E080F2798F}.Debug|Any CPU.ActiveCfg = Debug|Any CPU
		{C39B0F30-4D2A-4744-B222-E3E080F2798F}.Debug|Any CPU.Build.0 = Debug|Any CPU
		{C39B0F30-4D2A-4744-B222-E3E080F2798F}.Release|Any CPU.ActiveCfg = Release|Any CPU
		{C39B0F30-4D2A-4744-B222-E3E080F2798F}.Release|Any CPU.Build.0 = Release|Any CPU
		{EECE0F03-8B58-4673-9E9D-A1D6C0581B80}.Debug|Any CPU.ActiveCfg = Debug|Any CPU
		{EECE0F03-8B58-4673-9E9D-A1D6C0581B80}.Debug|Any CPU.Build.0 = Debug|Any CPU
		{EECE0F03-8B58-4673-9E9D-A1D6C0581B80}.Release|Any CPU.ActiveCfg = Release|Any CPU
		{EECE0F03-8B58-4673-9E9D-A1D6C0581B80}.Release|Any CPU.Build.0 = Release|Any CPU
		{AFF59404-B1A3-43B9-9D5C-0C6D2012FCE3}.Debug|Any CPU.ActiveCfg = Debug|Any CPU
		{AFF59404-B1A3-43B9-9D5C-0C6D2012FCE3}.Debug|Any CPU.Build.0 = Debug|Any CPU
		{AFF59404-B1A3-43B9-9D5C-0C6D2012FCE3}.Release|Any CPU.ActiveCfg = Release|Any CPU
		{AFF59404-B1A3-43B9-9D5C-0C6D2012FCE3}.Release|Any CPU.Build.0 = Release|Any CPU
		{39F2DDC3-53ED-424C-80CF-1FF1B116C233}.Debug|Any CPU.ActiveCfg = Debug|Any CPU
		{39F2DDC3-53ED-424C-80CF-1FF1B116C233}.Debug|Any CPU.Build.0 = Debug|Any CPU
		{39F2DDC3-53ED-424C-80CF-1FF1B116C233}.Release|Any CPU.ActiveCfg = Release|Any CPU
		{39F2DDC3-53ED-424C-80CF-1FF1B116C233}.Release|Any CPU.Build.0 = Release|Any CPU
		{A407E376-051B-4F25-8C7D-A0C5D13E77FC}.Debug|Any CPU.ActiveCfg = Debug|Any CPU
		{A407E376-051B-4F25-8C7D-A0C5D13E77FC}.Debug|Any CPU.Build.0 = Debug|Any CPU
		{A407E376-051B-4F25-8C7D-A0C5D13E77FC}.Release|Any CPU.ActiveCfg = Release|Any CPU
		{A407E376-051B-4F25-8C7D-A0C5D13E77FC}.Release|Any CPU.Build.0 = Release|Any CPU
		{F882038D-360F-4076-82F5-A3DCB32B90F0}.Debug|Any CPU.ActiveCfg = Debug|Any CPU
		{F882038D-360F-4076-82F5-A3DCB32B90F0}.Debug|Any CPU.Build.0 = Debug|Any CPU
		{F882038D-360F-4076-82F5-A3DCB32B90F0}.Release|Any CPU.ActiveCfg = Release|Any CPU
		{F882038D-360F-4076-82F5-A3DCB32B90F0}.Release|Any CPU.Build.0 = Release|Any CPU
		{46B09675-CC69-4CC2-BD42-BDCC9F55305A}.Debug|Any CPU.ActiveCfg = Debug|Any CPU
		{46B09675-CC69-4CC2-BD42-BDCC9F55305A}.Debug|Any CPU.Build.0 = Debug|Any CPU
		{46B09675-CC69-4CC2-BD42-BDCC9F55305A}.Release|Any CPU.ActiveCfg = Release|Any CPU
		{46B09675-CC69-4CC2-BD42-BDCC9F55305A}.Release|Any CPU.Build.0 = Release|Any CPU
		{71260858-74C8-4E67-9058-228D64776AE1}.Debug|Any CPU.ActiveCfg = Debug|Any CPU
		{71260858-74C8-4E67-9058-228D64776AE1}.Debug|Any CPU.Build.0 = Debug|Any CPU
		{71260858-74C8-4E67-9058-228D64776AE1}.Release|Any CPU.ActiveCfg = Release|Any CPU
		{71260858-74C8-4E67-9058-228D64776AE1}.Release|Any CPU.Build.0 = Release|Any CPU
		{00523C50-CA38-4938-9819-F856B5D99F4C}.Debug|Any CPU.ActiveCfg = Debug|Any CPU
		{00523C50-CA38-4938-9819-F856B5D99F4C}.Debug|Any CPU.Build.0 = Debug|Any CPU
		{00523C50-CA38-4938-9819-F856B5D99F4C}.Release|Any CPU.ActiveCfg = Release|Any CPU
		{00523C50-CA38-4938-9819-F856B5D99F4C}.Release|Any CPU.Build.0 = Release|Any CPU
		{EAE9831A-7DD3-462A-86FC-9A1D9103094C}.Debug|Any CPU.ActiveCfg = Debug|Any CPU
		{EAE9831A-7DD3-462A-86FC-9A1D9103094C}.Debug|Any CPU.Build.0 = Debug|Any CPU
		{EAE9831A-7DD3-462A-86FC-9A1D9103094C}.Release|Any CPU.ActiveCfg = Release|Any CPU
		{EAE9831A-7DD3-462A-86FC-9A1D9103094C}.Release|Any CPU.Build.0 = Release|Any CPU
	EndGlobalSection
	GlobalSection(SolutionProperties) = preSolution
		HideSolutionNode = FALSE
	EndGlobalSection
	GlobalSection(ExtensibilityGlobals) = postSolution
		SolutionGuid = {C6D28113-519E-46FA-880A-7D2D5D94A9B1}
	EndGlobalSection
EndGlobal
